
Microsoft Visual Studio Solution File, Format Version 12.00
# Visual Studio 15
VisualStudioVersion = 15.0.26430.14
MinimumVisualStudioVersion = 10.0.40219.1
Project("{9092AA53-FB77-4645-B42D-1CCCA6BD08BD}") = "NodeTodoListMongo", "NodeTodoListMongo\NodeTodoListMongo.njsproj", "{B00A469E-D8E7-43F8-9DC7-69E0EEE69159}"
EndProject
Project("{9092AA53-FB77-4645-B42D-1CCCA6BD08BD}") = "NodeRESTWithMongoDocDB", "NodeRESTWithMongoDocDB\NodeRESTWithMongoDocDB.njsproj", "{855D6C4F-F436-4F60-88A8-153481967E94}"
EndProject
Project("{9092AA53-FB77-4645-B42D-1CCCA6BD08BD}") = "NodeMongoRESTCrud", "NodeMongoRESTCrud.njsproj", "{7C940D06-88DD-440F-A1D1-253AF8F9E608}"
EndProject
Global
	GlobalSection(SolutionConfigurationPlatforms) = preSolution
		Debug|Any CPU = Debug|Any CPU
		Release|Any CPU = Release|Any CPU
	EndGlobalSection
	GlobalSection(ProjectConfigurationPlatforms) = postSolution
		{B00A469E-D8E7-43F8-9DC7-69E0EEE69159}.Debug|Any CPU.ActiveCfg = Debug|Any CPU
		{B00A469E-D8E7-43F8-9DC7-69E0EEE69159}.Debug|Any CPU.Build.0 = Debug|Any CPU
		{B00A469E-D8E7-43F8-9DC7-69E0EEE69159}.Release|Any CPU.ActiveCfg = Release|Any CPU
		{B00A469E-D8E7-43F8-9DC7-69E0EEE69159}.Release|Any CPU.Build.0 = Release|Any CPU
		{855D6C4F-F436-4F60-88A8-153481967E94}.Debug|Any CPU.ActiveCfg = Debug|Any CPU
		{855D6C4F-F436-4F60-88A8-153481967E94}.Debug|Any CPU.Build.0 = Debug|Any CPU
		{855D6C4F-F436-4F60-88A8-153481967E94}.Release|Any CPU.ActiveCfg = Release|Any CPU
		{855D6C4F-F436-4F60-88A8-153481967E94}.Release|Any CPU.Build.0 = Release|Any CPU
		{7C940D06-88DD-440F-A1D1-253AF8F9E608}.Debug|Any CPU.ActiveCfg = Debug|Any CPU
		{7C940D06-88DD-440F-A1D1-253AF8F9E608}.Debug|Any CPU.Build.0 = Debug|Any CPU
		{7C940D06-88DD-440F-A1D1-253AF8F9E608}.Release|Any CPU.ActiveCfg = Release|Any CPU
		{7C940D06-88DD-440F-A1D1-253AF8F9E608}.Release|Any CPU.Build.0 = Release|Any CPU
	EndGlobalSection
	GlobalSection(SolutionProperties) = preSolution
		HideSolutionNode = FALSE
	EndGlobalSection
EndGlobal
